// !$*UTF8*$!
{
	archiveVersion = 1;
	classes = {
	};
	objectVersion = 46;
	objects = {

/* Begin PBXBuildFile section */
		D742B2881EA89E2900B28FDA /* AppDelegate.swift in Sources */ = {isa = PBXBuildFile; fileRef = D742B2871EA89E2900B28FDA /* AppDelegate.swift */; };
		D742B28A1EA89E2900B28FDA /* ViewController.swift in Sources */ = {isa = PBXBuildFile; fileRef = D742B2891EA89E2900B28FDA /* ViewController.swift */; };
		D742B28D1EA89E2900B28FDA /* Main.storyboard in Resources */ = {isa = PBXBuildFile; fileRef = D742B28B1EA89E2900B28FDA /* Main.storyboard */; };
		D742B28F1EA89E2900B28FDA /* Assets.xcassets in Resources */ = {isa = PBXBuildFile; fileRef = D742B28E1EA89E2900B28FDA /* Assets.xcassets */; };
		D742B2921EA89E2900B28FDA /* LaunchScreen.storyboard in Resources */ = {isa = PBXBuildFile; fileRef = D742B2901EA89E2900B28FDA /* LaunchScreen.storyboard */; };
		D742B29A1EB8B27000B28FDA /* pokemon.csv in Resources */ = {isa = PBXBuildFile; fileRef = D742B2991EB8B27000B28FDA /* pokemon.csv */; };
/* End PBXBuildFile section */

/* Begin PBXFileReference section */
		D742B2841EA89E2900B28FDA /* Pokedex3.app */ = {isa = PBXFileReference; explicitFileType = wrapper.application; includeInIndex = 0; path = Pokedex3.app; sourceTree = BUILT_PRODUCTS_DIR; };
		D742B2871EA89E2900B28FDA /* AppDelegate.swift */ = {isa = PBXFileReference; lastKnownFileType = sourcecode.swift; path = AppDelegate.swift; sourceTree = "<group>"; };
		D742B2891EA89E2900B28FDA /* ViewController.swift */ = {isa = PBXFileReference; lastKnownFileType = sourcecode.swift; path = ViewController.swift; sourceTree = "<group>"; };
		D742B28C1EA89E2900B28FDA /* Base */ = {isa = PBXFileReference; lastKnownFileType = file.storyboard; name = Base; path = Base.lproj/Main.storyboard; sourceTree = "<group>"; };
		D742B28E1EA89E2900B28FDA /* Assets.xcassets */ = {isa = PBXFileReference; lastKnownFileType = folder.assetcatalog; path = Assets.xcassets; sourceTree = "<group>"; };
		D742B2911EA89E2900B28FDA /* Base */ = {isa = PBXFileReference; lastKnownFileType = file.storyboard; name = Base; path = Base.lproj/LaunchScreen.storyboard; sourceTree = "<group>"; };
		D742B2931EA89E2900B28FDA /* Info.plist */ = {isa = PBXFileReference; lastKnownFileType = text.plist.xml; path = Info.plist; sourceTree = "<group>"; };
		D742B2991EB8B27000B28FDA /* pokemon.csv */ = {isa = PBXFileReference; fileEncoding = 4; lastKnownFileType = text; path = pokemon.csv; sourceTree = "<group>"; };
/* End PBXFileReference section */

/* Begin PBXFrameworksBuildPhase section */
		D742B2811EA89E2900B28FDA /* Frameworks */ = {
			isa = PBXFrameworksBuildPhase;
			buildActionMask = 2147483647;
			files = (
			);
			runOnlyForDeploymentPostprocessing = 0;
		};
/* End PBXFrameworksBuildPhase section */

/* Begin PBXGroup section */
		D742B27B1EA89E2900B28FDA = {
			isa = PBXGroup;
			children = (
				D742B2861EA89E2900B28FDA /* Pokedex3 */,
				D742B2851EA89E2900B28FDA /* Products */,
			);
			sourceTree = "<group>";
		};
		D742B2851EA89E2900B28FDA /* Products */ = {
			isa = PBXGroup;
			children = (
				D742B2841EA89E2900B28FDA /* Pokedex3.app */,
			);
			name = Products;
			sourceTree = "<group>";
		};
		D742B2861EA89E2900B28FDA /* Pokedex3 */ = {
			isa = PBXGroup;
			children = (
				D742B2871EA89E2900B28FDA /* AppDelegate.swift */,
				D742B2891EA89E2900B28FDA /* ViewController.swift */,
				D742B28B1EA89E2900B28FDA /* Main.storyboard */,
				D742B28E1EA89E2900B28FDA /* Assets.xcassets */,
				D742B2991EB8B27000B28FDA /* pokemon.csv */,
				D742B2901EA89E2900B28FDA /* LaunchScreen.storyboard */,
				D742B2931EA89E2900B28FDA /* Info.plist */,
			);
			path = Pokedex3;
			sourceTree = "<group>";
		};
/* End PBXGroup section */

/* Begin PBXNativeTarget section */
		D742B2831EA89E2900B28FDA /* Pokedex3 */ = {
			isa = PBXNativeTarget;
			buildConfigurationList = D742B2961EA89E2900B28FDA /* Build configuration list for PBXNativeTarget "Pokedex3" */;
			buildPhases = (
				D742B2801EA89E2900B28FDA /* Sources */,
				D742B2811EA89E2900B28FDA /* Frameworks */,
				D742B2821EA89E2900B28FDA /* Resources */,
			);
			buildRules = (
			);
			dependencies = (
			);
			name = Pokedex3;
			productName = Pokedex3;
			productReference = D742B2841EA89E2900B28FDA /* Pokedex3.app */;
			productType = "com.apple.product-type.application";
		};
/* End PBXNativeTarget section */

/* Begin PBXProject section */
		D742B27C1EA89E2900B28FDA /* Project object */ = {
			isa = PBXProject;
			attributes = {
				LastSwiftUpdateCheck = 0820;
				LastUpgradeCheck = 0820;
				ORGANIZATIONNAME = "Hussein Ghoniam";
				TargetAttributes = {
					D742B2831EA89E2900B28FDA = {
						CreatedOnToolsVersion = 8.2.1;
						DevelopmentTeam = H443GCJYZ4;
						ProvisioningStyle = Automatic;
					};
				};
			};
			buildConfigurationList = D742B27F1EA89E2900B28FDA /* Build configuration list for PBXProject "Pokedex3" */;
			compatibilityVersion = "Xcode 3.2";
			developmentRegion = English;
			hasScannedForEncodings = 0;
			knownRegions = (
				en,
				Base,
			);
			mainGroup = D742B27B1EA89E2900B28FDA;
			productRefGroup = D742B2851EA89E2900B28FDA /* Products */;
			projectDirPath = "";
			projectRoot = "";
			targets = (
				D742B2831EA89E2900B28FDA /* Pokedex3 */,
			);
		};
/* End PBXProject section */

/* Begin PBXResourcesBuildPhase section */
		D742B2821EA89E2900B28FDA /* Resources */ = {
			isa = PBXResourcesBuildPhase;
			buildActionMask = 2147483647;
			files = (
				D742B2921EA89E2900B28FDA /* LaunchScreen.storyboard in Resources */,
				D742B28F1EA89E2900B28FDA /* Assets.xcassets in Resources */,
				D742B29A1EB8B27000B28FDA /* pokemon.csv in Resources */,
				D742B28D1EA89E2900B28FDA /* Main.storyboard in Resources */,
			);
			runOnlyForDeploymentPostprocessing = 0;
		};
/* End PBXResourcesBuildPhase section */

/* Begin PBXSourcesBuildPhase section */
		D742B2801EA89E2900B28FDA /* Sources */ = {
			isa = PBXSourcesBuildPhase;
			buildActionMask = 2147483647;
			files = (
				D742B28A1EA89E2900B28FDA /* ViewController.swift in Sources */,
				D742B2881EA89E2900B28FDA /* AppDelegate.swift in Sources */,
			);
			runOnlyForDeploymentPostprocessing = 0;
		};
/* End PBXSourcesBuildPhase section */

/* Begin PBXVariantGroup section */
		D742B28B1EA89E2900B28FDA /* Main.storyboard */ = {
			isa = PBXVariantGroup;
			children = (
				D742B28C1EA89E2900B28FDA /* Base */,
			);
			name = Main.storyboard;
			sourceTree = "<group>";
		};
		D742B2901EA89E2900B28FDA /* LaunchScreen.storyboard */ = {
			isa = PBXVariantGroup;
			children = (
				D742B2911EA89E2900B28FDA /* Base */,
			);
			name = LaunchScreen.storyboard;
			sourceTree = "<group>";
		};
/* End PBXVariantGroup section */

/* Begin XCBuildConfiguration section */
		D742B2941EA89E2900B28FDA /* Debug */ = {
			isa = XCBuildConfiguration;
			buildSettings = {
				ALWAYS_SEARCH_USER_PATHS = NO;
				CLANG_ANALYZER_NONNULL = YES;
				CLANG_CXX_LANGUAGE_STANDARD = "gnu++0x";
				CLANG_CXX_LIBRARY = "libc++";
				CLANG_ENABLE_MODULES = YES;
				CLANG_ENABLE_OBJC_ARC = YES;
				CLANG_WARN_BOOL_CONVERSION = YES;
				CLANG_WARN_CONSTANT_CONVERSION = YES;
				CLANG_WARN_DIRECT_OBJC_ISA_USAGE = YES_ERROR;
				CLANG_WARN_DOCUMENTATION_COMMENTS = YES;
				CLANG_WARN_EMPTY_BODY = YES;
				CLANG_WARN_ENUM_CONVERSION = YES;
				CLANG_WARN_INFINITE_RECURSION = YES;
				CLANG_WARN_INT_CONVERSION = YES;
				CLANG_WARN_OBJC_ROOT_CLASS = YES_ERROR;
				CLANG_WARN_SUSPICIOUS_MOVE = YES;
				CLANG_WARN_UNREACHABLE_CODE = YES;
				CLANG_WARN__DUPLICATE_METHOD_MATCH = YES;
				"CODE_SIGN_IDENTITY[sdk=iphoneos*]" = "iPhone Developer";
				COPY_PHASE_STRIP = NO;
				DEBUG_INFORMATION_FORMAT = dwarf;
				ENABLE_STRICT_OBJC_MSGSEND = YES;
				ENABLE_TESTABILITY = YES;
				GCC_C_LANGUAGE_STANDARD = gnu99;
				GCC_DYNAMIC_NO_PIC = NO;
				GCC_NO_COMMON_BLOCKS = YES;
				GCC_OPTIMIZATION_LEVEL = 0;
				GCC_PREPROCESSOR_DEFINITIONS = (
					"DEBUG=1",
					"$(inherited)",
				);
				GCC_WARN_64_TO_32_BIT_CONVERSION = YES;
				GCC_WARN_ABOUT_RETURN_TYPE = YES_ERROR;
				GCC_WARN_UNDECLARED_SELECTOR = YES;
				GCC_WARN_UNINITIALIZED_AUTOS = YES_AGGRESSIVE;
				GCC_WARN_UNUSED_FUNCTION = YES;
				GCC_WARN_UNUSED_VARIABLE = YES;
				IPHONEOS_DEPLOYMENT_TARGET = 10.2;
				MTL_ENABLE_DEBUG_INFO = YES;
				ONLY_ACTIVE_ARCH = YES;
				SDKROOT = iphoneos;
				SWIFT_ACTIVE_COMPILATION_CONDITIONS = DEBUG;
				SWIFT_OPTIMIZATION_LEVEL = "-Onone";
				TARGETED_DEVICE_FAMILY = "1,2";
			};
			name = Debug;
		};
		D742B2951EA89E2900B28FDA /* Release */ = {
			isa = XCBuildConfiguration;
			buildSettings = {
				ALWAYS_SEARCH_USER_PATHS = NO;
				CLANG_ANALYZER_NONNULL = YES;
				CLANG_CXX_LANGUAGE_STANDARD = "gnu++0x";
				CLANG_CXX_LIBRARY = "libc++";
				CLANG_ENABLE_MODULES = YES;
				CLANG_ENABLE_OBJC_ARC = YES;
				CLANG_WARN_BOOL_CONVERSION = YES;
				CLANG_WARN_CONSTANT_CONVERSION = YES;
				CLANG_WARN_DIRECT_OBJC_ISA_USAGE = YES_ERROR;
				CLANG_WARN_DOCUMENTATION_COMMENTS = YES;
				CLANG_WARN_EMPTY_BODY = YES;
				CLANG_WARN_ENUM_CONVERSION = YES;
				CLANG_WARN_INFINITE_RECURSION = YES;
				CLANG_WARN_INT_CONVERSION = YES;
				CLANG_WARN_OBJC_ROOT_CLASS = YES_ERROR;
				CLANG_WARN_SUSPICIOUS_MOVE = YES;
				CLANG_WARN_UNREACHABLE_CODE = YES;
				CLANG_WARN__DUPLICATE_METHOD_MATCH = YES;
				"CODE_SIGN_IDENTITY[sdk=iphoneos*]" = "iPhone Developer";
				COPY_PHASE_STRIP = NO;
				DEBUG_INFORMATION_FORMAT = "dwarf-with-dsym";
				ENABLE_NS_ASSERTIONS = NO;
				ENABLE_STRICT_OBJC_MSGSEND = YES;
				GCC_C_LANGUAGE_STANDARD = gnu99;
				GCC_NO_COMMON_BLOCKS = YES;
				GCC_WARN_64_TO_32_BIT_CONVERSION = YES;
				GCC_WARN_ABOUT_RETURN_TYPE = YES_ERROR;
				GCC_WARN_UNDECLARED_SELECTOR = YES;
				GCC_WARN_UNINITIALIZED_AUTOS = YES_AGGRESSIVE;
				GCC_WARN_UNUSED_FUNCTION = YES;
				GCC_WARN_UNUSED_VARIABLE = YES;
				IPHONEOS_DEPLOYMENT_TARGET = 10.2;
				MTL_ENABLE_DEBUG_INFO = NO;
				SDKROOT = iphoneos;
				SWIFT_OPTIMIZATION_LEVEL = "-Owholemodule";
				TARGETED_DEVICE_FAMILY = "1,2";
				VALIDATE_PRODUCT = YES;
			};
			name = Release;
		};
		D742B2971EA89E2900B28FDA /* Debug */ = {
			isa = XCBuildConfiguration;
			buildSettings = {
				ASSETCATALOG_COMPILER_APPICON_NAME = AppIcon;
				DEVELOPMENT_TEAM = H443GCJYZ4;
				INFOPLIST_FILE = Pokedex3/Info.plist;
				LD_RUNPATH_SEARCH_PATHS = "$(inherited) @executable_path/Frameworks";
				PRODUCT_BUNDLE_IDENTIFIER = HussCorp.Pokedex3;
				PRODUCT_NAME = "$(TARGET_NAME)";
				SWIFT_VERSION = 3.0;
			};
			name = Debug;
		};
		D742B2981EA89E2900B28FDA /* Release */ = {
			isa = XCBuildConfiguration;
			buildSettings = {
				ASSETCATALOG_COMPILER_APPICON_NAME = AppIcon;
				DEVELOPMENT_TEAM = H443GCJYZ4;
				INFOPLIST_FILE = Pokedex3/Info.plist;
				LD_RUNPATH_SEARCH_PATHS = "$(inherited) @executable_path/Frameworks";
				PRODUCT_BUNDLE_IDENTIFIER = HussCorp.Pokedex3;
				PRODUCT_NAME = "$(TARGET_NAME)";
				SWIFT_VERSION = 3.0;
			};
			name = Release;
		};
/* End XCBuildConfiguration section */

/* Begin XCConfigurationList section */
		D742B27F1EA89E2900B28FDA /* Build configuration list for PBXProject "Pokedex3" */ = {
			isa = XCConfigurationList;
			buildConfigurations = (
				D742B2941EA89E2900B28FDA /* Debug */,
				D742B2951EA89E2900B28FDA /* Release */,
			);
			defaultConfigurationIsVisible = 0;
			defaultConfigurationName = Release;
		};
		D742B2961EA89E2900B28FDA /* Build configuration list for PBXNativeTarget "Pokedex3" */ = {
			isa = XCConfigurationList;
			buildConfigurations = (
				D742B2971EA89E2900B28FDA /* Debug */,
				D742B2981EA89E2900B28FDA /* Release */,
			);
			defaultConfigurationIsVisible = 0;
		};
/* End XCConfigurationList section */
	};
	rootObject = D742B27C1EA89E2900B28FDA /* Project object */;
}
